{
  "nodes": {
    "nixpkgs": {
      "locked": {
        "lastModified": 1790822859,
        "narHash": "sha256-69xHQhAeMAD2wDXO7T2pcOZIF9Sga2W+JkmY2a11Ops=",
        "owner": "NixOS",
        "repo": "nixpkgs",
        "rev": "c59305bab2065cfecc4944690d9eedbb56f3a9fa",
        "type": "github"
      },
      "original": {
        "owner": "NixOS",
        "ref": "nixos-unstable",
        "repo": "nixpkgs",
        "type": "github"
      }
    },
    "omarchy-latest": {
      "flake": false,
      "locked": {
        "lastModified": 1790904845,
        "narHash": "sha256-pgiltTj1hlgRXq058HlibqHX3QDeIayYzRaRGltcFhU=",
        "owner": "basecamp",
        "repo": "omarchy",
        "rev": "821ae589059ffdadc970315f866c94b55d268af7",
        "type": "github"
      },
      "original": {
        "owner": "basecamp",
        "ref": "quattro",
        "repo": "omarchy",
        "type": "github"
      }
    },
    "omarchy-stable": {
      "flake": false,
      "locked": {
        "lastModified": 1789450452,
        "narHash": "sha256-nstxM+CP6al2I4N1LAKdYBvJ4tytD1m8jssiCD7PXTY=",
        "owner": "basecamp",
        "repo": "omarchy",
        "rev": "c668141e9c42b13c80c9ca4ea108e11708c5e8a5",
        "type": "github"
      },
      "original": {
        "owner": "basecamp",
        "ref": "v4.0.4",
        "repo": "omarchy",
        "type": "github"
      }
    },
    "omnix": {
      "inputs": {
        "nixpkgs": [
          "nixpkgs"
        ]
      },
      "locked": {
        "lastModified": 1791008905,
        "narHash": "sha256-CcJdb3rFYywwwFUZ9VYVQSSlIJgT2UpJ8Ribec6WORw=",
        "owner": "Omnix-Linux",
        "repo": "Omnix",
        "rev": "6c184798d4dea4e33f287a75b64e754859537b40",
        "type": "github"
      },
      "original": {
        "owner": "Omnix-Linux",
        "repo": "Omnix",
        "type": "github"
      }
    },
    "root": {
      "inputs": {
        "nixpkgs": "nixpkgs",
        "omarchy-latest": "omarchy-latest",
        "omarchy-stable": "omarchy-stable",
        "omnix": "omnix"
      }
    }
  },
  "root": "root",
  "version": 7
}
